<?xml version="1.0" encoding="utf-8"?>
<Project ToolsVersion="4.0" xmlns="http://schemas.microsoft.com/developer/msbuild/2003">
  <ItemGroup>
    <Filter Include="Source Files">
      <UniqueIdentifier>{4FC737F1-C7A5-4376-A066-2A32D752A2FF}</UniqueIdentifier>
      <Extensions>cpp;c;cc;cxx;c++;cppm;ixx;def;odl;idl;hpj;bat;asm;asmx</Extensions>
    </Filter>
    <Filter Include="Configuration FIles">
      <UniqueIdentifier>{5c74613e-4228-4332-a3c8-fefd5d1d5920}</UniqueIdentifier>
    </Filter>
    <Filter Include="Source Files\Engine">
      <UniqueIdentifier>{9f0a85d8-92a3-4015-a6c9-dead9d519d84}</UniqueIdentifier>
    </Filter>
    <Filter Include="Source Files\Utils">
      <UniqueIdentifier>{d4fcce42-5e1c-45fe-9cd7-70667605680a}</UniqueIdentifier>
    </Filter>
    <Filter Include="Source Files\Game">
      <UniqueIdentifier>{eaf9226b-488a-4c6a-9d1a-2222fdb48e0d}</UniqueIdentifier>
    </Filter>
    <Filter Include="Source Files\Utils\Animation">
      <UniqueIdentifier>{8561ee16-f0f6-4440-be72-32725a12268c}</UniqueIdentifier>
    </Filter>
    <Filter Include="Source Files\Utils\Log">
      <UniqueIdentifier>{542af9bc-e656-4448-8c63-d9b8daf19f7b}</UniqueIdentifier>
    </Filter>
    <Filter Include="Source Files\Utils\Vector2D">
      <UniqueIdentifier>{c96317a2-f0fa-4b4c-9acf-19b6e485ca8f}</UniqueIdentifier>
    </Filter>
    <Filter Include="Source Files\Utils\Timers">
      <UniqueIdentifier>{8d1f540a-6649-46c4-839c-612fcdf5c61d}</UniqueIdentifier>
    </Filter>
    <Filter Include="Source Files\Engine\Entities">
      <UniqueIdentifier>{8bea1a1f-dee6-490f-a719-81df0e62886f}</UniqueIdentifier>
    </Filter>
    <Filter Include="Source Files\Game\Enemies">
      <UniqueIdentifier>{baab7345-41be-492a-b7ac-aaa53568ff7a}</UniqueIdentifier>
    </Filter>
    <Filter Include="Source Files\Utils\UI">
      <UniqueIdentifier>{efb5028b-95e3-4773-be50-6f8bcfa0dc5c}</UniqueIdentifier>
    </Filter>
    <Filter Include="Source Files\Game\Scenes">
      <UniqueIdentifier>{90ca5fe5-9051-42b1-a5f4-1e9b37629099}</UniqueIdentifier>
    </Filter>
    <Filter Include="Source Files\Game\Enemies\Cucafera">
      <UniqueIdentifier>{2cb2e297-aabb-4212-b99c-9ab73afbeb27}</UniqueIdentifier>
    </Filter>
    <Filter Include="Source Files\Game\Enemies\ShieldKnight">
      <UniqueIdentifier>{5b1be39f-d31c-4162-aa7f-ad8994d69bfa}</UniqueIdentifier>
    </Filter>
    <Filter Include="Source Files\Game\Enemies\SwordKnight">
      <UniqueIdentifier>{e4d0c36d-5642-4552-9802-f8ff8dbbef73}</UniqueIdentifier>
    </Filter>
    <Filter Include="Source Files\Game\Enemies\FlyingEnemy">
      <UniqueIdentifier>{66ee72f2-6235-40ea-a463-cc901ab02f87}</UniqueIdentifier>
    </Filter>
  </ItemGroup>
  <ItemGroup>
    <None Include="vcpkg.json">
      <Filter>Configuration FIles</Filter>
    </None>
    <None Include="vcpkg-configuration.json">
      <Filter>Configuration FIles</Filter>
    </None>
    <None Include=".gitignore">
      <Filter>Configuration FIles</Filter>
    </None>
  </ItemGroup>
  <ItemGroup>
    <ClCompile Include="src\Audio.cpp">
      <Filter>Source Files\Engine</Filter>
    </ClCompile>
    <ClCompile Include="src\Engine.cpp">
      <Filter>Source Files\Engine</Filter>
    </ClCompile>
    <ClCompile Include="src\Input.cpp">
      <Filter>Source Files\Engine</Filter>
    </ClCompile>
    <ClCompile Include="src\PlatformGame.cpp">
      <Filter>Source Files\Engine</Filter>
    </ClCompile>
    <ClCompile Include="src\Render.cpp">
      <Filter>Source Files\Engine</Filter>
    </ClCompile>
    <ClCompile Include="src\Textures.cpp">
      <Filter>Source Files\Engine</Filter>
    </ClCompile>
    <ClCompile Include="src\Window.cpp">
      <Filter>Source Files\Engine</Filter>
    </ClCompile>
    <ClCompile Include="src\Player.cpp">
      <Filter>Source Files\Game</Filter>
    </ClCompile>
    <ClCompile Include="src\Map.cpp">
      <Filter>Source Files\Engine</Filter>
    </ClCompile>
    <ClCompile Include="src\Physics.cpp">
      <Filter>Source Files\Engine</Filter>
    </ClCompile>
    <ClCompile Include="src\Item.cpp">
      <Filter>Source Files\Game</Filter>
    </ClCompile>
    <ClCompile Include="src\Hud.cpp">
      <Filter>Source Files\Engine</Filter>
    </ClCompile>
    <ClCompile Include="src\UIManager.cpp">
      <Filter>Source Files\Engine</Filter>
    </ClCompile>
    <ClCompile Include="src\Animation.cpp">
      <Filter>Source Files\Utils\Animation</Filter>
    </ClCompile>
    <ClCompile Include="src\Log.cpp">
      <Filter>Source Files\Utils\Log</Filter>
    </ClCompile>
    <ClCompile Include="src\PerfTimer.cpp">
      <Filter>Source Files\Utils\Timers</Filter>
    </ClCompile>
    <ClCompile Include="src\Timer.cpp">
      <Filter>Source Files\Utils\Timers</Filter>
    </ClCompile>
    <ClCompile Include="src\Vector2D.cpp">
      <Filter>Source Files\Utils\Vector2D</Filter>
    </ClCompile>
    <ClCompile Include="src\EntityManager.cpp">
      <Filter>Source Files\Engine\Entities</Filter>
    </ClCompile>
    <ClCompile Include="src\Pathfinding.cpp">
      <Filter>Source Files\Engine\Entities</Filter>
    </ClCompile>
    <ClCompile Include="src\Enemy.cpp">
      <Filter>Source Files\Game\Enemies</Filter>
    </ClCompile>
    <ClCompile Include="src\CameraController.cpp">
      <Filter>Source Files</Filter>
    </ClCompile>
    <ClCompile Include="src\SpiderEnemy.cpp">
      <Filter>Source Files\Game\Enemies</Filter>
    </ClCompile>
    <ClCompile Include="src\UIButton.cpp">
      <Filter>Source Files\Utils\UI</Filter>
    </ClCompile>
    <ClCompile Include="src\UICheckBox.cpp">
      <Filter>Source Files\Utils\UI</Filter>
    </ClCompile>
    <ClCompile Include="src\UISlider.cpp">
      <Filter>Source Files\Utils\UI</Filter>
    </ClCompile>
    <ClCompile Include="src\SavePoint.cpp">
      <Filter>Source Files\Game</Filter>
    </ClCompile>
    <ClCompile Include="src\UIElement.cpp">
      <Filter>Source Files\Utils\UI</Filter>
    </ClCompile>
    <ClCompile Include="src\SceneManager.cpp">
      <Filter>Source Files\Game\Scenes</Filter>
    </ClCompile>
    <ClCompile Include="src\IntroScene.cpp">
      <Filter>Source Files\Game\Scenes</Filter>
    </ClCompile>
    <ClCompile Include="src\GameScene.cpp">
      <Filter>Source Files\Game\Scenes</Filter>
    </ClCompile>
    <ClCompile Include="src\MenuScene.cpp">
      <Filter>Source Files\Game\Scenes</Filter>
    </ClCompile>
    <ClCompile Include="src\Cucafera.cpp">
      <Filter>Source Files\Game\Enemies\Cucafera</Filter>
    </ClCompile>
    <ClCompile Include="src\SwordKnight.cpp">
      <Filter>Source Files\Game\Enemies\SwordKnight</Filter>
    </ClCompile>
    <ClCompile Include="src\ShieldKnight.cpp">
      <Filter>Source Files\Game\Enemies\ShieldKnight</Filter>
    </ClCompile>
    <ClCompile Include="src\SavePoint.cpp">
      <Filter>Source Files</Filter>
    </ClCompile>
    <ClCompile Include="src\FlyingEnemy.cpp">
      <Filter>Source Files\Game\Enemies\FlyingEnemy</Filter>
    </ClCompile>
    <ClCompile Include="src\HomingProjectile.cpp">
      <Filter>Source Files\Game\Enemies\FlyingEnemy</Filter>
    </ClCompile>
  </ItemGroup>
  <ItemGroup>
    <ClInclude Include="src\Audio.h">
      <Filter>Source Files\Engine</Filter>
    </ClInclude>
    <ClInclude Include="src\Engine.h">
      <Filter>Source Files\Engine</Filter>
    </ClInclude>
    <ClInclude Include="src\Input.h">
      <Filter>Source Files\Engine</Filter>
    </ClInclude>
    <ClInclude Include="src\Module.h">
      <Filter>Source Files\Engine</Filter>
    </ClInclude>
    <ClInclude Include="src\Render.h">
      <Filter>Source Files\Engine</Filter>
    </ClInclude>
    <ClInclude Include="src\Textures.h">
      <Filter>Source Files\Engine</Filter>
    </ClInclude>
    <ClInclude Include="src\Window.h">
      <Filter>Source Files\Engine</Filter>
    </ClInclude>
    <ClInclude Include="src\Player.h">
      <Filter>Source Files\Game</Filter>
    </ClInclude>
    <ClInclude Include="src\Map.h">
      <Filter>Source Files\Engine</Filter>
    </ClInclude>
    <ClInclude Include="src\Physics.h">
      <Filter>Source Files\Engine</Filter>
    </ClInclude>
    <ClInclude Include="src\Item.h">
      <Filter>Source Files\Game</Filter>
    </ClInclude>
    <ClInclude Include="src\UIManager.h">
      <Filter>Source Files\Engine</Filter>
    </ClInclude>
    <ClInclude Include="src\Hud.h">
      <Filter>Source Files\Engine</Filter>
    </ClInclude>
    <ClInclude Include="src\Animation.h">
      <Filter>Source Files\Utils\Animation</Filter>
    </ClInclude>
    <ClInclude Include="src\Log.h">
      <Filter>Source Files\Utils\Log</Filter>
    </ClInclude>
    <ClInclude Include="src\PerfTimer.h">
      <Filter>Source Files\Utils\Timers</Filter>
    </ClInclude>
    <ClInclude Include="src\Timer.h">
      <Filter>Source Files\Utils\Timers</Filter>
    </ClInclude>
    <ClInclude Include="src\Vector2D.h">
      <Filter>Source Files\Utils\Vector2D</Filter>
    </ClInclude>
    <ClInclude Include="src\Entity.h">
      <Filter>Source Files\Engine\Entities</Filter>
    </ClInclude>
    <ClInclude Include="src\EntityManager.h">
      <Filter>Source Files\Engine\Entities</Filter>
    </ClInclude>
    <ClInclude Include="src\Pathfinding.h">
      <Filter>Source Files\Engine\Entities</Filter>
    </ClInclude>
    <ClInclude Include="src\Enemy.h">
      <Filter>Source Files\Game\Enemies</Filter>
    </ClInclude>
    <ClInclude Include="src\SpiderEnemy.h">
      <Filter>Source Files\Game\Enemies</Filter>
    </ClInclude>
    <ClInclude Include="src\UIButton.h">
      <Filter>Source Files\Utils\UI</Filter>
    </ClInclude>
    <ClInclude Include="src\UICheckBox.h">
      <Filter>Source Files\Utils\UI</Filter>
    </ClInclude>
    <ClInclude Include="src\UIElement.h">
      <Filter>Source Files\Utils\UI</Filter>
    </ClInclude>
    <ClInclude Include="src\UISlider.h">
      <Filter>Source Files\Utils\UI</Filter>
    </ClInclude>
    <ClInclude Include="src\SavePoint.h">
      <Filter>Source Files\Game</Filter>
    </ClInclude>
    <ClInclude Include="src\SceneBase.h">
      <Filter>Source Files\Game\Scenes</Filter>
    </ClInclude>
    <ClInclude Include="src\GameScene.h">
      <Filter>Source Files\Game\Scenes</Filter>
    </ClInclude>
    <ClInclude Include="src\SceneManager.h">
      <Filter>Source Files\Game\Scenes</Filter>
    </ClInclude>
    <ClInclude Include="src\MenuScene.h">
      <Filter>Source Files\Game\Scenes</Filter>
    </ClInclude>
    <ClInclude Include="src\IntroScene.h">
      <Filter>Source Files\Game\Scenes</Filter>
    </ClInclude>
    <ClInclude Include="src\CameraController.h">
      <Filter>Source Files</Filter>
    </ClInclude>
    <ClInclude Include="src\Cucafera.h">
      <Filter>Source Files\Game\Enemies\Cucafera</Filter>
    </ClInclude>
    <ClInclude Include="src\SwordKnight.h">
      <Filter>Source Files\Game\Enemies\SwordKnight</Filter>
    </ClInclude>
    <ClInclude Include="src\ShieldKnight.h">
      <Filter>Source Files\Game\Enemies\ShieldKnight</Filter>
    </ClInclude>
    <ClInclude Include="src\FlyingEnemy.h">
      <Filter>Source Files\Game\Enemies\FlyingEnemy</Filter>
    </ClInclude>
    <ClInclude Include="src\HomingProjectile.h">
      <Filter>Source Files\Game\Enemies\FlyingEnemy</Filter>
    </ClInclude>
  </ItemGroup>
  <ItemGroup>
    <Xml Include="config.xml">
      <Filter>Configuration FIles</Filter>
    </Xml>
  </ItemGroup>
</Project>